
Microsoft Visual Studio Solution File, Format Version 12.00
# Visual Studio Version 16
VisualStudioVersion = 16.0.30320.27
MinimumVisualStudioVersion = 10.0.40219.1
Project("{FAE04EC0-301F-11D3-BF4B-00C04F79EFBC}") = "KM", "KM.csproj", "{AE717505-4FDA-4353-A856-D53BD8864FBA}"
EndProject
Global
	GlobalSection(SolutionConfigurationPlatforms) = preSolution
		Debug|Any CPU = Debug|Any CPU
		Release|Any CPU = Release|Any CPU
	EndGlobalSection
	GlobalSection(ProjectConfigurationPlatforms) = postSolution
		{AE717505-4FDA-4353-A856-D53BD8864FBA}.Debug|Any CPU.ActiveCfg = Debug|Any CPU
		{AE717505-4FDA-4353-A856-D53BD8864FBA}.Debug|Any CPU.Build.0 = Debug|Any CPU
		{AE717505-4FDA-4353-A856-D53BD8864FBA}.Release|Any CPU.ActiveCfg = Release|Any CPU
		{AE717505-4FDA-4353-A856-D53BD8864FBA}.Release|Any CPU.Build.0 = Release|Any CPU
	EndGlobalSection
	GlobalSection(SolutionProperties) = preSolution
		HideSolutionNode = FALSE
	EndGlobalSection
	GlobalSection(ExtensibilityGlobals) = postSolution
		SolutionGuid = {90ED6E7C-8D05-4C5E-9BC5-60AB88290F97}
	EndGlobalSection
EndGlobal
